
Microsoft Visual Studio Solution File, Format Version 12.00
# Visual Studio Version 16
VisualStudioVersion = 16.0.32002.261
MinimumVisualStudioVersion = 10.0.40219.1
Project("{FAE04EC0-301F-11D3-BF4B-00C04F79EFBC}") = "idkprojekt", "idkprojekt.csproj", "{6A0DBCF1-A96D-4F08-9556-1DA4FE1E0247}"
EndProject
Global
	GlobalSection(SolutionConfigurationPlatforms) = preSolution
		Debug|Any CPU = Debug|Any CPU
		Release|Any CPU = Release|Any CPU
	EndGlobalSection
	GlobalSection(ProjectConfigurationPlatforms) = postSolution
		{6A0DBCF1-A96D-4F08-9556-1DA4FE1E0247}.Debug|Any CPU.ActiveCfg = Debug|Any CPU
		{6A0DBCF1-A96D-4F08-9556-1DA4FE1E0247}.Debug|Any CPU.Build.0 = Debug|Any CPU
		{6A0DBCF1-A96D-4F08-9556-1DA4FE1E0247}.Release|Any CPU.ActiveCfg = Release|Any CPU
		{6A0DBCF1-A96D-4F08-9556-1DA4FE1E0247}.Release|Any CPU.Build.0 = Release|Any CPU
	EndGlobalSection
	GlobalSection(SolutionProperties) = preSolution
		HideSolutionNode = FALSE
	EndGlobalSection
	GlobalSection(ExtensibilityGlobals) = postSolution
		SolutionGuid = {6E71E5ED-0DCD-47B3-83BC-95FC9AA9457D}
	EndGlobalSection
EndGlobal
